
Microsoft Visual Studio Solution File, Format Version 12.00
# Visual Studio Version 17
VisualStudioVersion = 17.8.34525.116
MinimumVisualStudioVersion = 10.0.40219.1
Project("{FAE04EC0-301F-11D3-BF4B-00C04F79EFBC}") = "L02P02_2022VD601_2022MG601", "L02P02_2022VD601_2022MG601\L02P02_2022VD601_2022MG601.csproj", "{2A48B114-A3A9-4307-98E4-3719446C5041}"
EndProject
Global
	GlobalSection(SolutionConfigurationPlatforms) = preSolution
		Debug|Any CPU = Debug|Any CPU
		Release|Any CPU = Release|Any CPU
	EndGlobalSection
	GlobalSection(ProjectConfigurationPlatforms) = postSolution
		{2A48B114-A3A9-4307-98E4-3719446C5041}.Debug|Any CPU.ActiveCfg = Debug|Any CPU
		{2A48B114-A3A9-4307-98E4-3719446C5041}.Debug|Any CPU.Build.0 = Debug|Any CPU
		{2A48B114-A3A9-4307-98E4-3719446C5041}.Release|Any CPU.ActiveCfg = Release|Any CPU
		{2A48B114-A3A9-4307-98E4-3719446C5041}.Release|Any CPU.Build.0 = Release|Any CPU
	EndGlobalSection
	GlobalSection(SolutionProperties) = preSolution
		HideSolutionNode = FALSE
	EndGlobalSection
	GlobalSection(ExtensibilityGlobals) = postSolution
		SolutionGuid = {81CBBD64-B8F9-4DF0-A5B3-DE9B26B33B76}
	EndGlobalSection
EndGlobal
